// !$*UTF8*$!
{
	archiveVersion = 1;
	classes = {
	};
	objectVersion = 46;
	objects = {

/* Begin PBXBuildFile section */
		A9414B5A1347B391008C67F4 /* UIKit.framework in Frameworks */ = {isa = PBXBuildFile; fileRef = A9414B591347B391008C67F4 /* UIKit.framework */; };
		A9414B5C1347B391008C67F4 /* Foundation.framework in Frameworks */ = {isa = PBXBuildFile; fileRef = A9414B5B1347B391008C67F4 /* Foundation.framework */; };
		A9414B5E1347B391008C67F4 /* CoreGraphics.framework in Frameworks */ = {isa = PBXBuildFile; fileRef = A9414B5D1347B391008C67F4 /* CoreGraphics.framework */; };
		A9414B641347B391008C67F4 /* InfoPlist.strings in Resources */ = {isa = PBXBuildFile; fileRef = A9414B621347B391008C67F4 /* InfoPlist.strings */; };
		A9414B671347B391008C67F4 /* main.m in Sources */ = {isa = PBXBuildFile; fileRef = A9414B661347B391008C67F4 /* main.m */; };
		A9414B6A1347B391008C67F4 /* appDelegate.m in Sources */ = {isa = PBXBuildFile; fileRef = A9414B691347B391008C67F4 /* appDelegate.m */; };
		A9414B6D1347B391008C67F4 /* MainWindow.xib in Resources */ = {isa = PBXBuildFile; fileRef = A9414B6B1347B391008C67F4 /* MainWindow.xib */; };
		A9414B701347B391008C67F4 /* TestViewController.m in Sources */ = {isa = PBXBuildFile; fileRef = A9414B6F1347B391008C67F4 /* TestViewController.m */; };
		A9414B7A1347B391008C67F4 /* UIKit.framework in Frameworks */ = {isa = PBXBuildFile; fileRef = A9414B591347B391008C67F4 /* UIKit.framework */; };
		A9414B7B1347B391008C67F4 /* Foundation.framework in Frameworks */ = {isa = PBXBuildFile; fileRef = A9414B5B1347B391008C67F4 /* Foundation.framework */; };
		A9414B7C1347B391008C67F4 /* CoreGraphics.framework in Frameworks */ = {isa = PBXBuildFile; fileRef = A9414B5D1347B391008C67F4 /* CoreGraphics.framework */; };
		A9414B841347B391008C67F4 /* InfoPlist.strings in Resources */ = {isa = PBXBuildFile; fileRef = A9414B821347B391008C67F4 /* InfoPlist.strings */; };
		A9414B871347B391008C67F4 /* es_ios_utils_appTests.h in Resources */ = {isa = PBXBuildFile; fileRef = A9414B861347B391008C67F4 /* es_ios_utils_appTests.h */; };
		A9414B891347B391008C67F4 /* es_ios_utils_appTests.m in Sources */ = {isa = PBXBuildFile; fileRef = A9414B881347B391008C67F4 /* es_ios_utils_appTests.m */; };
		A9414BB91347B3F5008C67F4 /* ESApplicationDelegate.m in Sources */ = {isa = PBXBuildFile; fileRef = A9414BA41347B3F5008C67F4 /* ESApplicationDelegate.m */; };
		A9414BBB1347B3F5008C67F4 /* ESBoundUserDefaults.m in Sources */ = {isa = PBXBuildFile; fileRef = A9414BA61347B3F5008C67F4 /* ESBoundUserDefaults.m */; };
		A9414BBD1347B3F5008C67F4 /* ESDynamicMethodResolver.m in Sources */ = {isa = PBXBuildFile; fileRef = A9414BA81347B3F5008C67F4 /* ESDynamicMethodResolver.m */; };
		A9414BBF1347B3F5008C67F4 /* ESFlowLayoutView.m in Sources */ = {isa = PBXBuildFile; fileRef = A9414BAA1347B3F5008C67F4 /* ESFlowLayoutView.m */; };
		A9414BC11347B3F5008C67F4 /* ESNSCategories.m in Sources */ = {isa = PBXBuildFile; fileRef = A9414BAC1347B3F5008C67F4 /* ESNSCategories.m */; };
		A9414BC31347B3F5008C67F4 /* ESUICategories.m in Sources */ = {isa = PBXBuildFile; fileRef = A9414BAE1347B3F5008C67F4 /* ESUICategories.m */; };
		A9414BC51347B3F5008C67F4 /* ESUtils.m in Sources */ = {isa = PBXBuildFile; fileRef = A9414BB01347B3F5008C67F4 /* ESUtils.m */; };
		A9414BC71347B3F5008C67F4 /* ESVerticalLayoutView.m in Sources */ = {isa = PBXBuildFile; fileRef = A9414BB21347B3F5008C67F4 /* ESVerticalLayoutView.m */; };
		A9414BC91347B3F5008C67F4 /* ESViewDataMapper.m in Sources */ = {isa = PBXBuildFile; fileRef = A9414BB41347B3F5008C67F4 /* ESViewDataMapper.m */; };
		A9414BF61347B741008C67F4 /* ESDynamicMethodResolverTest.m in Sources */ = {isa = PBXBuildFile; fileRef = A9414BCF1347B432008C67F4 /* ESDynamicMethodResolverTest.m */; };
		A9414BF71347B741008C67F4 /* ESNSCategoriesTest.m in Sources */ = {isa = PBXBuildFile; fileRef = A9414BD11347B432008C67F4 /* ESNSCategoriesTest.m */; };
		A9414BF81347B741008C67F4 /* ESUICategoriesTest.m in Sources */ = {isa = PBXBuildFile; fileRef = A9414BD31347B432008C67F4 /* ESUICategoriesTest.m */; };
		A9414BF91347B741008C67F4 /* ESUtilsTest.m in Sources */ = {isa = PBXBuildFile; fileRef = A9414BD51347B432008C67F4 /* ESUtilsTest.m */; };
		A9414BFB1347B768008C67F4 /* CoreData.framework in Frameworks */ = {isa = PBXBuildFile; fileRef = A9414BFA1347B768008C67F4 /* CoreData.framework */; };
		A9414BFD1347B8C8008C67F4 /* CoreData.framework in Frameworks */ = {isa = PBXBuildFile; fileRef = A9414BFC1347B8C8008C67F4 /* CoreData.framework */; };
		A9414C011347BDF8008C67F4 /* ESApplicationDelegateTest.m in Sources */ = {isa = PBXBuildFile; fileRef = A9414BFF1347BD49008C67F4 /* ESApplicationDelegateTest.m */; };
		A9414C041347C32E008C67F4 /* Model.xcdatamodeld in Sources */ = {isa = PBXBuildFile; fileRef = A9414C021347C32E008C67F4 /* Model.xcdatamodeld */; };
		A9414C051347C434008C67F4 /* Model.xcdatamodel in Resources */ = {isa = PBXBuildFile; fileRef = A9414C031347C32E008C67F4 /* Model.xcdatamodel */; };
		A973624D135E247F000EBD17 /* ESBlockActionSheet.m in Sources */ = {isa = PBXBuildFile; fileRef = A973624C135E247F000EBD17 /* ESBlockActionSheet.m */; };
		A99823081399618600855F2B /* development.plist in Resources */ = {isa = PBXBuildFile; fileRef = A99823071399618600855F2B /* development.plist */; };
		A9BB23A9134809BB00156CE2 /* ESViewTest.m in Sources */ = {isa = PBXBuildFile; fileRef = A9BB23A61348085E00156CE2 /* ESViewTest.m */; };
		A9BB23AA13480B0300156CE2 /* TestViewController.xib in Resources */ = {isa = PBXBuildFile; fileRef = A9414B711347B391008C67F4 /* TestViewController.xib */; };
		D073F74513B50E7E004D9DD7 /* ESCollectionCategoriesTest.m in Sources */ = {isa = PBXBuildFile; fileRef = D073F74413B50E7D004D9DD7 /* ESCollectionCategoriesTest.m */; };
		D073F74913B50EA9004D9DD7 /* ESCollectionCategories.m in Sources */ = {isa = PBXBuildFile; fileRef = D073F74813B50EA9004D9DD7 /* ESCollectionCategories.m */; };
		D0B2E5CA13A029AA00F32DB5 /* Object3.m in Sources */ = {isa = PBXBuildFile; fileRef = D0B2E5C913A029AA00F32DB5 /* Object3.m */; };
		D0B2E5CD13A029AA00F32DB5 /* Object1.m in Sources */ = {isa = PBXBuildFile; fileRef = D0B2E5CC13A029AA00F32DB5 /* Object1.m */; };
		D0B2E5D013A029AA00F32DB5 /* Object2.m in Sources */ = {isa = PBXBuildFile; fileRef = D0B2E5CF13A029AA00F32DB5 /* Object2.m */; };
/* End PBXBuildFile section */

/* Begin PBXContainerItemProxy section */
		A9414B7D1347B391008C67F4 /* PBXContainerItemProxy */ = {
			isa = PBXContainerItemProxy;
			containerPortal = A9414B4C1347B391008C67F4 /* Project object */;
			proxyType = 1;
			remoteGlobalIDString = A9414B541347B391008C67F4;
			remoteInfo = es_ios_utils_app;
		};
/* End PBXContainerItemProxy section */

/* Begin PBXFileReference section */
		A9414B551347B391008C67F4 /* es_ios_utils_app.app */ = {isa = PBXFileReference; explicitFileType = wrapper.application; includeInIndex = 0; path = es_ios_utils_app.app; sourceTree = BUILT_PRODUCTS_DIR; };
		A9414B591347B391008C67F4 /* UIKit.framework */ = {isa = PBXFileReference; lastKnownFileType = wrapper.framework; name = UIKit.framework; path = System/Library/Frameworks/UIKit.framework; sourceTree = SDKROOT; };
		A9414B5B1347B391008C67F4 /* Foundation.framework */ = {isa = PBXFileReference; lastKnownFileType = wrapper.framework; name = Foundation.framework; path = System/Library/Frameworks/Foundation.framework; sourceTree = SDKROOT; };
		A9414B5D1347B391008C67F4 /* CoreGraphics.framework */ = {isa = PBXFileReference; lastKnownFileType = wrapper.framework; name = CoreGraphics.framework; path = System/Library/Frameworks/CoreGraphics.framework; sourceTree = SDKROOT; };
		A9414B611347B391008C67F4 /* es_ios_utils_app-Info.plist */ = {isa = PBXFileReference; lastKnownFileType = text.plist.xml; path = "es_ios_utils_app-Info.plist"; sourceTree = "<group>"; };
		A9414B631347B391008C67F4 /* en */ = {isa = PBXFileReference; lastKnownFileType = text.plist.strings; name = en; path = en.lproj/InfoPlist.strings; sourceTree = "<group>"; };
		A9414B651347B391008C67F4 /* es_ios_utils_app-Prefix.pch */ = {isa = PBXFileReference; lastKnownFileType = sourcecode.c.h; path = "es_ios_utils_app-Prefix.pch"; sourceTree = "<group>"; };
		A9414B661347B391008C67F4 /* main.m */ = {isa = PBXFileReference; lastKnownFileType = sourcecode.c.objc; path = main.m; sourceTree = "<group>"; };
		A9414B681347B391008C67F4 /* appDelegate.h */ = {isa = PBXFileReference; lastKnownFileType = sourcecode.c.h; path = appDelegate.h; sourceTree = "<group>"; };
		A9414B691347B391008C67F4 /* appDelegate.m */ = {isa = PBXFileReference; lastKnownFileType = sourcecode.c.objc; path = appDelegate.m; sourceTree = "<group>"; };
		A9414B6C1347B391008C67F4 /* en */ = {isa = PBXFileReference; lastKnownFileType = file.xib; name = en; path = en.lproj/MainWindow.xib; sourceTree = "<group>"; };
		A9414B6E1347B391008C67F4 /* TestViewController.h */ = {isa = PBXFileReference; lastKnownFileType = sourcecode.c.h; path = TestViewController.h; sourceTree = "<group>"; };
		A9414B6F1347B391008C67F4 /* TestViewController.m */ = {isa = PBXFileReference; lastKnownFileType = sourcecode.c.objc; path = TestViewController.m; sourceTree = "<group>"; };
		A9414B721347B391008C67F4 /* en */ = {isa = PBXFileReference; lastKnownFileType = file.xib; name = en; path = en.lproj/TestViewController.xib; sourceTree = "<group>"; };
		A9414B791347B391008C67F4 /* es_ios_utils_appTests.octest */ = {isa = PBXFileReference; explicitFileType = wrapper.cfbundle; includeInIndex = 0; path = es_ios_utils_appTests.octest; sourceTree = BUILT_PRODUCTS_DIR; };
		A9414B811347B391008C67F4 /* es_ios_utils_appTests-Info.plist */ = {isa = PBXFileReference; lastKnownFileType = text.plist.xml; path = "es_ios_utils_appTests-Info.plist"; sourceTree = "<group>"; };
		A9414B831347B391008C67F4 /* en */ = {isa = PBXFileReference; lastKnownFileType = text.plist.strings; name = en; path = en.lproj/InfoPlist.strings; sourceTree = "<group>"; };
		A9414B851347B391008C67F4 /* es_ios_utils_appTests-Prefix.pch */ = {isa = PBXFileReference; lastKnownFileType = sourcecode.c.h; path = "es_ios_utils_appTests-Prefix.pch"; sourceTree = "<group>"; };
		A9414B861347B391008C67F4 /* es_ios_utils_appTests.h */ = {isa = PBXFileReference; lastKnownFileType = sourcecode.c.h; path = es_ios_utils_appTests.h; sourceTree = "<group>"; };
		A9414B881347B391008C67F4 /* es_ios_utils_appTests.m */ = {isa = PBXFileReference; lastKnownFileType = sourcecode.c.objc; path = es_ios_utils_appTests.m; sourceTree = "<group>"; };
		A9414BA31347B3F5008C67F4 /* ESApplicationDelegate.h */ = {isa = PBXFileReference; fileEncoding = 4; lastKnownFileType = sourcecode.c.h; path = ESApplicationDelegate.h; sourceTree = "<group>"; };
		A9414BA41347B3F5008C67F4 /* ESApplicationDelegate.m */ = {isa = PBXFileReference; fileEncoding = 4; lastKnownFileType = sourcecode.c.objc; path = ESApplicationDelegate.m; sourceTree = "<group>"; };
		A9414BA51347B3F5008C67F4 /* ESBoundUserDefaults.h */ = {isa = PBXFileReference; fileEncoding = 4; lastKnownFileType = sourcecode.c.h; path = ESBoundUserDefaults.h; sourceTree = "<group>"; };
		A9414BA61347B3F5008C67F4 /* ESBoundUserDefaults.m */ = {isa = PBXFileReference; fileEncoding = 4; lastKnownFileType = sourcecode.c.objc; path = ESBoundUserDefaults.m; sourceTree = "<group>"; };
		A9414BA71347B3F5008C67F4 /* ESDynamicMethodResolver.h */ = {isa = PBXFileReference; fileEncoding = 4; lastKnownFileType = sourcecode.c.h; path = ESDynamicMethodResolver.h; sourceTree = "<group>"; };
		A9414BA81347B3F5008C67F4 /* ESDynamicMethodResolver.m */ = {isa = PBXFileReference; fileEncoding = 4; lastKnownFileType = sourcecode.c.objc; path = ESDynamicMethodResolver.m; sourceTree = "<group>"; };
		A9414BA91347B3F5008C67F4 /* ESFlowLayoutView.h */ = {isa = PBXFileReference; fileEncoding = 4; lastKnownFileType = sourcecode.c.h; path = ESFlowLayoutView.h; sourceTree = "<group>"; };
		A9414BAA1347B3F5008C67F4 /* ESFlowLayoutView.m */ = {isa = PBXFileReference; fileEncoding = 4; lastKnownFileType = sourcecode.c.objc; path = ESFlowLayoutView.m; sourceTree = "<group>"; };
		A9414BAB1347B3F5008C67F4 /* ESNSCategories.h */ = {isa = PBXFileReference; fileEncoding = 4; lastKnownFileType = sourcecode.c.h; path = ESNSCategories.h; sourceTree = "<group>"; };
		A9414BAC1347B3F5008C67F4 /* ESNSCategories.m */ = {isa = PBXFileReference; fileEncoding = 4; lastKnownFileType = sourcecode.c.objc; path = ESNSCategories.m; sourceTree = "<group>"; };
		A9414BAD1347B3F5008C67F4 /* ESUICategories.h */ = {isa = PBXFileReference; fileEncoding = 4; lastKnownFileType = sourcecode.c.h; path = ESUICategories.h; sourceTree = "<group>"; };
		A9414BAE1347B3F5008C67F4 /* ESUICategories.m */ = {isa = PBXFileReference; fileEncoding = 4; lastKnownFileType = sourcecode.c.objc; path = ESUICategories.m; sourceTree = "<group>"; };
		A9414BAF1347B3F5008C67F4 /* ESUtils.h */ = {isa = PBXFileReference; fileEncoding = 4; lastKnownFileType = sourcecode.c.h; path = ESUtils.h; sourceTree = "<group>"; };
		A9414BB01347B3F5008C67F4 /* ESUtils.m */ = {isa = PBXFileReference; fileEncoding = 4; lastKnownFileType = sourcecode.c.objc; path = ESUtils.m; sourceTree = "<group>"; };
		A9414BB11347B3F5008C67F4 /* ESVerticalLayoutView.h */ = {isa = PBXFileReference; fileEncoding = 4; lastKnownFileType = sourcecode.c.h; path = ESVerticalLayoutView.h; sourceTree = "<group>"; };
		A9414BB21347B3F5008C67F4 /* ESVerticalLayoutView.m */ = {isa = PBXFileReference; fileEncoding = 4; lastKnownFileType = sourcecode.c.objc; path = ESVerticalLayoutView.m; sourceTree = "<group>"; };
		A9414BB31347B3F5008C67F4 /* ESViewDataMapper.h */ = {isa = PBXFileReference; fileEncoding = 4; lastKnownFileType = sourcecode.c.h; path = ESViewDataMapper.h; sourceTree = "<group>"; };
		A9414BB41347B3F5008C67F4 /* ESViewDataMapper.m */ = {isa = PBXFileReference; fileEncoding = 4; lastKnownFileType = sourcecode.c.objc; path = ESViewDataMapper.m; sourceTree = "<group>"; };
		A9414BCE1347B432008C67F4 /* ESDynamicMethodResolverTest.h */ = {isa = PBXFileReference; fileEncoding = 4; lastKnownFileType = sourcecode.c.h; name = ESDynamicMethodResolverTest.h; path = es_ios_utilsTests/ESDynamicMethodResolverTest.h; sourceTree = SOURCE_ROOT; };
		A9414BCF1347B432008C67F4 /* ESDynamicMethodResolverTest.m */ = {isa = PBXFileReference; fileEncoding = 4; lastKnownFileType = sourcecode.c.objc; name = ESDynamicMethodResolverTest.m; path = es_ios_utilsTests/ESDynamicMethodResolverTest.m; sourceTree = SOURCE_ROOT; };
		A9414BD01347B432008C67F4 /* ESNSCategoriesTest.h */ = {isa = PBXFileReference; fileEncoding = 4; lastKnownFileType = sourcecode.c.h; name = ESNSCategoriesTest.h; path = es_ios_utilsTests/ESNSCategoriesTest.h; sourceTree = SOURCE_ROOT; };
		A9414BD11347B432008C67F4 /* ESNSCategoriesTest.m */ = {isa = PBXFileReference; fileEncoding = 4; lastKnownFileType = sourcecode.c.objc; name = ESNSCategoriesTest.m; path = es_ios_utilsTests/ESNSCategoriesTest.m; sourceTree = SOURCE_ROOT; };
		A9414BD21347B432008C67F4 /* ESUICategoriesTest.h */ = {isa = PBXFileReference; fileEncoding = 4; lastKnownFileType = sourcecode.c.h; name = ESUICategoriesTest.h; path = es_ios_utilsTests/ESUICategoriesTest.h; sourceTree = SOURCE_ROOT; };
		A9414BD31347B432008C67F4 /* ESUICategoriesTest.m */ = {isa = PBXFileReference; fileEncoding = 4; lastKnownFileType = sourcecode.c.objc; name = ESUICategoriesTest.m; path = es_ios_utilsTests/ESUICategoriesTest.m; sourceTree = SOURCE_ROOT; };
		A9414BD41347B432008C67F4 /* ESUtilsTest.h */ = {isa = PBXFileReference; fileEncoding = 4; lastKnownFileType = sourcecode.c.h; name = ESUtilsTest.h; path = es_ios_utilsTests/ESUtilsTest.h; sourceTree = SOURCE_ROOT; };
		A9414BD51347B432008C67F4 /* ESUtilsTest.m */ = {isa = PBXFileReference; fileEncoding = 4; lastKnownFileType = sourcecode.c.objc; name = ESUtilsTest.m; path = es_ios_utilsTests/ESUtilsTest.m; sourceTree = SOURCE_ROOT; };
		A9414BFA1347B768008C67F4 /* CoreData.framework */ = {isa = PBXFileReference; lastKnownFileType = wrapper.framework; name = CoreData.framework; path = System/Library/Frameworks/CoreData.framework; sourceTree = SDKROOT; };
		A9414BFC1347B8C8008C67F4 /* CoreData.framework */ = {isa = PBXFileReference; lastKnownFileType = wrapper.framework; name = CoreData.framework; path = System/Library/Frameworks/CoreData.framework; sourceTree = SDKROOT; };
		A9414BFE1347BD49008C67F4 /* ESApplicationDelegateTest.h */ = {isa = PBXFileReference; fileEncoding = 4; lastKnownFileType = sourcecode.c.h; name = ESApplicationDelegateTest.h; path = es_ios_utilsTests/ESApplicationDelegateTest.h; sourceTree = SOURCE_ROOT; };
		A9414BFF1347BD49008C67F4 /* ESApplicationDelegateTest.m */ = {isa = PBXFileReference; fileEncoding = 4; lastKnownFileType = sourcecode.c.objc; name = ESApplicationDelegateTest.m; path = es_ios_utilsTests/ESApplicationDelegateTest.m; sourceTree = SOURCE_ROOT; };
		A9414C031347C32E008C67F4 /* Model.xcdatamodel */ = {isa = PBXFileReference; lastKnownFileType = wrapper.xcdatamodel; path = Model.xcdatamodel; sourceTree = "<group>"; };
		A973624B135E247F000EBD17 /* ESBlockActionSheet.h */ = {isa = PBXFileReference; fileEncoding = 4; lastKnownFileType = sourcecode.c.h; path = ESBlockActionSheet.h; sourceTree = "<group>"; };
		A973624C135E247F000EBD17 /* ESBlockActionSheet.m */ = {isa = PBXFileReference; fileEncoding = 4; lastKnownFileType = sourcecode.c.objc; path = ESBlockActionSheet.m; sourceTree = "<group>"; };
		A99823071399618600855F2B /* development.plist */ = {isa = PBXFileReference; lastKnownFileType = text.plist; path = development.plist; sourceTree = "<group>"; };
		A9BB23A51348085E00156CE2 /* ESViewTest.h */ = {isa = PBXFileReference; fileEncoding = 4; lastKnownFileType = sourcecode.c.h; name = ESViewTest.h; path = es_ios_utilsTests/ESViewTest.h; sourceTree = SOURCE_ROOT; };
		A9BB23A61348085E00156CE2 /* ESViewTest.m */ = {isa = PBXFileReference; fileEncoding = 4; lastKnownFileType = sourcecode.c.objc; name = ESViewTest.m; path = es_ios_utilsTests/ESViewTest.m; sourceTree = SOURCE_ROOT; };
		D073F74313B50E7D004D9DD7 /* ESCollectionCategoriesTest.h */ = {isa = PBXFileReference; fileEncoding = 4; lastKnownFileType = sourcecode.c.h; name = ESCollectionCategoriesTest.h; path = es_ios_utilsTests/ESCollectionCategoriesTest.h; sourceTree = SOURCE_ROOT; };
		D073F74413B50E7D004D9DD7 /* ESCollectionCategoriesTest.m */ = {isa = PBXFileReference; fileEncoding = 4; lastKnownFileType = sourcecode.c.objc; name = ESCollectionCategoriesTest.m; path = es_ios_utilsTests/ESCollectionCategoriesTest.m; sourceTree = SOURCE_ROOT; };
		D073F74713B50EA9004D9DD7 /* ESCollectionCategories.h */ = {isa = PBXFileReference; fileEncoding = 4; lastKnownFileType = sourcecode.c.h; path = ESCollectionCategories.h; sourceTree = "<group>"; };
		D073F74813B50EA9004D9DD7 /* ESCollectionCategories.m */ = {isa = PBXFileReference; fileEncoding = 4; lastKnownFileType = sourcecode.c.objc; path = ESCollectionCategories.m; sourceTree = "<group>"; };
		D0B2E5C813A029AA00F32DB5 /* Object3.h */ = {isa = PBXFileReference; fileEncoding = 4; lastKnownFileType = sourcecode.c.h; name = Object3.h; path = model/Object3.h; sourceTree = "<group>"; };
		D0B2E5C913A029AA00F32DB5 /* Object3.m */ = {isa = PBXFileReference; fileEncoding = 4; lastKnownFileType = sourcecode.c.objc; name = Object3.m; path = model/Object3.m; sourceTree = "<group>"; };
		D0B2E5CB13A029AA00F32DB5 /* Object1.h */ = {isa = PBXFileReference; fileEncoding = 4; lastKnownFileType = sourcecode.c.h; name = Object1.h; path = model/Object1.h; sourceTree = "<group>"; };
		D0B2E5CC13A029AA00F32DB5 /* Object1.m */ = {isa = PBXFileReference; fileEncoding = 4; lastKnownFileType = sourcecode.c.objc; name = Object1.m; path = model/Object1.m; sourceTree = "<group>"; };
		D0B2E5CE13A029AA00F32DB5 /* Object2.h */ = {isa = PBXFileReference; fileEncoding = 4; lastKnownFileType = sourcecode.c.h; name = Object2.h; path = model/Object2.h; sourceTree = "<group>"; };
		D0B2E5CF13A029AA00F32DB5 /* Object2.m */ = {isa = PBXFileReference; fileEncoding = 4; lastKnownFileType = sourcecode.c.objc; name = Object2.m; path = model/Object2.m; sourceTree = "<group>"; };
/* End PBXFileReference section */

/* Begin PBXFrameworksBuildPhase section */
		A9414B521347B391008C67F4 /* Frameworks */ = {
			isa = PBXFrameworksBuildPhase;
			buildActionMask = 2147483647;
			files = (
				A9414BFB1347B768008C67F4 /* CoreData.framework in Frameworks */,
				A9414B5A1347B391008C67F4 /* UIKit.framework in Frameworks */,
				A9414B5C1347B391008C67F4 /* Foundation.framework in Frameworks */,
				A9414B5E1347B391008C67F4 /* CoreGraphics.framework in Frameworks */,
			);
			runOnlyForDeploymentPostprocessing = 0;
		};
		A9414B751347B391008C67F4 /* Frameworks */ = {
			isa = PBXFrameworksBuildPhase;
			buildActionMask = 2147483647;
			files = (
				A9414BFD1347B8C8008C67F4 /* CoreData.framework in Frameworks */,
				A9414B7A1347B391008C67F4 /* UIKit.framework in Frameworks */,
				A9414B7B1347B391008C67F4 /* Foundation.framework in Frameworks */,
				A9414B7C1347B391008C67F4 /* CoreGraphics.framework in Frameworks */,
			);
			runOnlyForDeploymentPostprocessing = 0;
		};
/* End PBXFrameworksBuildPhase section */

/* Begin PBXGroup section */
		A9414B4A1347B391008C67F4 = {
			isa = PBXGroup;
			children = (
				A9414B9E1347B3F5008C67F4 /* es_ios_utils */,
				A9414B5F1347B391008C67F4 /* es_ios_utils_app */,
				A9414B7F1347B391008C67F4 /* es_ios_utils_appTests */,
				A9414B581347B391008C67F4 /* Frameworks */,
				A9414B561347B391008C67F4 /* Products */,
			);
			sourceTree = "<group>";
		};
		A9414B561347B391008C67F4 /* Products */ = {
			isa = PBXGroup;
			children = (
				A9414B551347B391008C67F4 /* es_ios_utils_app.app */,
				A9414B791347B391008C67F4 /* es_ios_utils_appTests.octest */,
			);
			name = Products;
			sourceTree = "<group>";
		};
		A9414B581347B391008C67F4 /* Frameworks */ = {
			isa = PBXGroup;
			children = (
				A9414BFC1347B8C8008C67F4 /* CoreData.framework */,
				A9414BFA1347B768008C67F4 /* CoreData.framework */,
				A9414B591347B391008C67F4 /* UIKit.framework */,
				A9414B5B1347B391008C67F4 /* Foundation.framework */,
				A9414B5D1347B391008C67F4 /* CoreGraphics.framework */,
			);
			name = Frameworks;
			sourceTree = "<group>";
		};
		A9414B5F1347B391008C67F4 /* es_ios_utils_app */ = {
			isa = PBXGroup;
			children = (
				D073D12A13A0270300DE03B2 /* model */,
				A99823051399616A00855F2B /* config */,
				A9414B681347B391008C67F4 /* appDelegate.h */,
				A9414B691347B391008C67F4 /* appDelegate.m */,
				A9414B6B1347B391008C67F4 /* MainWindow.xib */,
				A9414B6E1347B391008C67F4 /* TestViewController.h */,
				A9414B6F1347B391008C67F4 /* TestViewController.m */,
				A9414B711347B391008C67F4 /* TestViewController.xib */,
				A9414B601347B391008C67F4 /* Supporting Files */,
			);
			path = es_ios_utils_app;
			sourceTree = "<group>";
		};
		A9414B601347B391008C67F4 /* Supporting Files */ = {
			isa = PBXGroup;
			children = (
				A9414B611347B391008C67F4 /* es_ios_utils_app-Info.plist */,
				A9414B621347B391008C67F4 /* InfoPlist.strings */,
				A9414B651347B391008C67F4 /* es_ios_utils_app-Prefix.pch */,
				A9414B661347B391008C67F4 /* main.m */,
			);
			name = "Supporting Files";
			sourceTree = "<group>";
		};
		A9414B7F1347B391008C67F4 /* es_ios_utils_appTests */ = {
			isa = PBXGroup;
			children = (
				A9414B861347B391008C67F4 /* es_ios_utils_appTests.h */,
				A9414B881347B391008C67F4 /* es_ios_utils_appTests.m */,
				A9414BFE1347BD49008C67F4 /* ESApplicationDelegateTest.h */,
				A9414BFF1347BD49008C67F4 /* ESApplicationDelegateTest.m */,
				A9414BCE1347B432008C67F4 /* ESDynamicMethodResolverTest.h */,
				A9414BCF1347B432008C67F4 /* ESDynamicMethodResolverTest.m */,
				A9414BD01347B432008C67F4 /* ESNSCategoriesTest.h */,
				A9414BD11347B432008C67F4 /* ESNSCategoriesTest.m */,
				D073F74313B50E7D004D9DD7 /* ESCollectionCategoriesTest.h */,
				D073F74413B50E7D004D9DD7 /* ESCollectionCategoriesTest.m */,
				A9414BD21347B432008C67F4 /* ESUICategoriesTest.h */,
				A9414BD31347B432008C67F4 /* ESUICategoriesTest.m */,
				A9414BD41347B432008C67F4 /* ESUtilsTest.h */,
				A9414BD51347B432008C67F4 /* ESUtilsTest.m */,
				A9BB23A51348085E00156CE2 /* ESViewTest.h */,
				A9BB23A61348085E00156CE2 /* ESViewTest.m */,
				A9414B801347B391008C67F4 /* Supporting Files */,
			);
			path = es_ios_utils_appTests;
			sourceTree = "<group>";
		};
		A9414B801347B391008C67F4 /* Supporting Files */ = {
			isa = PBXGroup;
			children = (
				A9414B811347B391008C67F4 /* es_ios_utils_appTests-Info.plist */,
				A9414B821347B391008C67F4 /* InfoPlist.strings */,
				A9414B851347B391008C67F4 /* es_ios_utils_appTests-Prefix.pch */,
			);
			name = "Supporting Files";
			sourceTree = "<group>";
		};
		A9414B9E1347B3F5008C67F4 /* es_ios_utils */ = {
			isa = PBXGroup;
			children = (
				A9414BA31347B3F5008C67F4 /* ESApplicationDelegate.h */,
				A9414BA41347B3F5008C67F4 /* ESApplicationDelegate.m */,
				A973624B135E247F000EBD17 /* ESBlockActionSheet.h */,
				A973624C135E247F000EBD17 /* ESBlockActionSheet.m */,
				A9414BA51347B3F5008C67F4 /* ESBoundUserDefaults.h */,
				A9414BA61347B3F5008C67F4 /* ESBoundUserDefaults.m */,
				D073F74713B50EA9004D9DD7 /* ESCollectionCategories.h */,
				D073F74813B50EA9004D9DD7 /* ESCollectionCategories.m */,
				A9414BA71347B3F5008C67F4 /* ESDynamicMethodResolver.h */,
				A9414BA81347B3F5008C67F4 /* ESDynamicMethodResolver.m */,
				A9414BA91347B3F5008C67F4 /* ESFlowLayoutView.h */,
				A9414BAA1347B3F5008C67F4 /* ESFlowLayoutView.m */,
				A9414BAB1347B3F5008C67F4 /* ESNSCategories.h */,
				A9414BAC1347B3F5008C67F4 /* ESNSCategories.m */,
				A9414BAD1347B3F5008C67F4 /* ESUICategories.h */,
				A9414BAE1347B3F5008C67F4 /* ESUICategories.m */,
				A9414BAF1347B3F5008C67F4 /* ESUtils.h */,
				A9414BB01347B3F5008C67F4 /* ESUtils.m */,
				A9414BB11347B3F5008C67F4 /* ESVerticalLayoutView.h */,
				A9414BB21347B3F5008C67F4 /* ESVerticalLayoutView.m */,
				A9414BB31347B3F5008C67F4 /* ESViewDataMapper.h */,
				A9414BB41347B3F5008C67F4 /* ESViewDataMapper.m */,
			);
			path = es_ios_utils;
			sourceTree = "<group>";
		};
		A99823051399616A00855F2B /* config */ = {
			isa = PBXGroup;
			children = (
				A99823071399618600855F2B /* development.plist */,
			);
			name = config;
			sourceTree = "<group>";
		};
		D073D12A13A0270300DE03B2 /* model */ = {
			isa = PBXGroup;
			children = (
				A9414C021347C32E008C67F4 /* Model.xcdatamodeld */,
				D0B2E5CB13A029AA00F32DB5 /* Object1.h */,
				D0B2E5CC13A029AA00F32DB5 /* Object1.m */,
				D0B2E5CE13A029AA00F32DB5 /* Object2.h */,
				D0B2E5CF13A029AA00F32DB5 /* Object2.m */,
				D0B2E5C813A029AA00F32DB5 /* Object3.h */,
				D0B2E5C913A029AA00F32DB5 /* Object3.m */,
			);
			name = model;
			sourceTree = "<group>";
		};
/* End PBXGroup section */

/* Begin PBXNativeTarget section */
		A9414B541347B391008C67F4 /* es_ios_utils_app */ = {
			isa = PBXNativeTarget;
			buildConfigurationList = A9414B8C1347B391008C67F4 /* Build configuration list for PBXNativeTarget "es_ios_utils_app" */;
			buildPhases = (
				A9414B511347B391008C67F4 /* Sources */,
				A9414B521347B391008C67F4 /* Frameworks */,
				A9414B531347B391008C67F4 /* Resources */,
			);
			buildRules = (
			);
			dependencies = (
			);
			name = es_ios_utils_app;
			productName = es_ios_utils_app;
			productReference = A9414B551347B391008C67F4 /* es_ios_utils_app.app */;
			productType = "com.apple.product-type.application";
		};
		A9414B781347B391008C67F4 /* es_ios_utils_appTests */ = {
			isa = PBXNativeTarget;
			buildConfigurationList = A9414B8F1347B391008C67F4 /* Build configuration list for PBXNativeTarget "es_ios_utils_appTests" */;
			buildPhases = (
				A9414B741347B391008C67F4 /* Sources */,
				A9414B751347B391008C67F4 /* Frameworks */,
				A9414B761347B391008C67F4 /* Resources */,
				A9414B771347B391008C67F4 /* ShellScript */,
			);
			buildRules = (
			);
			dependencies = (
				A9414B7E1347B391008C67F4 /* PBXTargetDependency */,
			);
			name = es_ios_utils_appTests;
			productName = es_ios_utils_appTests;
			productReference = A9414B791347B391008C67F4 /* es_ios_utils_appTests.octest */;
			productType = "com.apple.product-type.bundle";
		};
/* End PBXNativeTarget section */

/* Begin PBXProject section */
		A9414B4C1347B391008C67F4 /* Project object */ = {
			isa = PBXProject;
			buildConfigurationList = A9414B4F1347B391008C67F4 /* Build configuration list for PBXProject "es_ios_utils" */;
			compatibilityVersion = "Xcode 3.2";
			developmentRegion = English;
			hasScannedForEncodings = 0;
			knownRegions = (
				en,
			);
			mainGroup = A9414B4A1347B391008C67F4;
			productRefGroup = A9414B561347B391008C67F4 /* Products */;
			projectDirPath = "";
			projectRoot = "";
			targets = (
				A9414B541347B391008C67F4 /* es_ios_utils_app */,
				A9414B781347B391008C67F4 /* es_ios_utils_appTests */,
			);
		};
/* End PBXProject section */

/* Begin PBXResourcesBuildPhase section */
		A9414B531347B391008C67F4 /* Resources */ = {
			isa = PBXResourcesBuildPhase;
			buildActionMask = 2147483647;
			files = (
				A9BB23AA13480B0300156CE2 /* TestViewController.xib in Resources */,
				A9414C051347C434008C67F4 /* Model.xcdatamodel in Resources */,
				A9414B641347B391008C67F4 /* InfoPlist.strings in Resources */,
				A9414B6D1347B391008C67F4 /* MainWindow.xib in Resources */,
				A99823081399618600855F2B /* development.plist in Resources */,
			);
			runOnlyForDeploymentPostprocessing = 0;
		};
		A9414B761347B391008C67F4 /* Resources */ = {
			isa = PBXResourcesBuildPhase;
			buildActionMask = 2147483647;
			files = (
				A9414B841347B391008C67F4 /* InfoPlist.strings in Resources */,
				A9414B871347B391008C67F4 /* es_ios_utils_appTests.h in Resources */,
			);
			runOnlyForDeploymentPostprocessing = 0;
		};
/* End PBXResourcesBuildPhase section */

/* Begin PBXShellScriptBuildPhase section */
		A9414B771347B391008C67F4 /* ShellScript */ = {
			isa = PBXShellScriptBuildPhase;
			buildActionMask = 2147483647;
			files = (
			);
			inputPaths = (
			);
			outputPaths = (
			);
			runOnlyForDeploymentPostprocessing = 0;
			shellPath = /bin/sh;
			shellScript = "# Run the unit tests in this test bundle.\n\"${SYSTEM_DEVELOPER_DIR}/Tools/RunUnitTests\"\n";
		};
/* End PBXShellScriptBuildPhase section */

/* Begin PBXSourcesBuildPhase section */
		A9414B511347B391008C67F4 /* Sources */ = {
			isa = PBXSourcesBuildPhase;
			buildActionMask = 2147483647;
			files = (
				A9414B671347B391008C67F4 /* main.m in Sources */,
				A9414B6A1347B391008C67F4 /* appDelegate.m in Sources */,
				A9414B701347B391008C67F4 /* TestViewController.m in Sources */,
				A9414BB91347B3F5008C67F4 /* ESApplicationDelegate.m in Sources */,
				A9414BBB1347B3F5008C67F4 /* ESBoundUserDefaults.m in Sources */,
				A9414BBD1347B3F5008C67F4 /* ESDynamicMethodResolver.m in Sources */,
				A9414BBF1347B3F5008C67F4 /* ESFlowLayoutView.m in Sources */,
				A9414BC11347B3F5008C67F4 /* ESNSCategories.m in Sources */,
				A9414BC31347B3F5008C67F4 /* ESUICategories.m in Sources */,
				A9414BC51347B3F5008C67F4 /* ESUtils.m in Sources */,
				A9414BC71347B3F5008C67F4 /* ESVerticalLayoutView.m in Sources */,
				A9414BC91347B3F5008C67F4 /* ESViewDataMapper.m in Sources */,
				A9414C041347C32E008C67F4 /* Model.xcdatamodeld in Sources */,
				A973624D135E247F000EBD17 /* ESBlockActionSheet.m in Sources */,
				D0B2E5CA13A029AA00F32DB5 /* Object3.m in Sources */,
				D0B2E5CD13A029AA00F32DB5 /* Object1.m in Sources */,
				D0B2E5D013A029AA00F32DB5 /* Object2.m in Sources */,
				D073F74913B50EA9004D9DD7 /* ESCollectionCategories.m in Sources */,
			);
			runOnlyForDeploymentPostprocessing = 0;
		};
		A9414B741347B391008C67F4 /* Sources */ = {
			isa = PBXSourcesBuildPhase;
			buildActionMask = 2147483647;
			files = (
				A9BB23A9134809BB00156CE2 /* ESViewTest.m in Sources */,
				A9414C011347BDF8008C67F4 /* ESApplicationDelegateTest.m in Sources */,
				A9414BF61347B741008C67F4 /* ESDynamicMethodResolverTest.m in Sources */,
				A9414BF71347B741008C67F4 /* ESNSCategoriesTest.m in Sources */,
				A9414BF81347B741008C67F4 /* ESUICategoriesTest.m in Sources */,
				A9414BF91347B741008C67F4 /* ESUtilsTest.m in Sources */,
				A9414B891347B391008C67F4 /* es_ios_utils_appTests.m in Sources */,
				D073F74513B50E7E004D9DD7 /* ESCollectionCategoriesTest.m in Sources */,
			);
			runOnlyForDeploymentPostprocessing = 0;
		};
/* End PBXSourcesBuildPhase section */

/* Begin PBXTargetDependency section */
		A9414B7E1347B391008C67F4 /* PBXTargetDependency */ = {
			isa = PBXTargetDependency;
			target = A9414B541347B391008C67F4 /* es_ios_utils_app */;
			targetProxy = A9414B7D1347B391008C67F4 /* PBXContainerItemProxy */;
		};
/* End PBXTargetDependency section */

/* Begin PBXVariantGroup section */
		A9414B621347B391008C67F4 /* InfoPlist.strings */ = {
			isa = PBXVariantGroup;
			children = (
				A9414B631347B391008C67F4 /* en */,
			);
			name = InfoPlist.strings;
			sourceTree = "<group>";
		};
		A9414B6B1347B391008C67F4 /* MainWindow.xib */ = {
			isa = PBXVariantGroup;
			children = (
				A9414B6C1347B391008C67F4 /* en */,
			);
			name = MainWindow.xib;
			sourceTree = "<group>";
		};
		A9414B711347B391008C67F4 /* TestViewController.xib */ = {
			isa = PBXVariantGroup;
			children = (
				A9414B721347B391008C67F4 /* en */,
			);
			name = TestViewController.xib;
			sourceTree = "<group>";
		};
		A9414B821347B391008C67F4 /* InfoPlist.strings */ = {
			isa = PBXVariantGroup;
			children = (
				A9414B831347B391008C67F4 /* en */,
			);
			name = InfoPlist.strings;
			sourceTree = "<group>";
		};
/* End PBXVariantGroup section */

/* Begin XCBuildConfiguration section */
		A9414B8A1347B391008C67F4 /* Debug */ = {
			isa = XCBuildConfiguration;
			buildSettings = {
				ARCHS = "$(ARCHS_STANDARD_32_BIT)";
				"CODE_SIGN_IDENTITY[sdk=iphoneos*]" = "iPhone Developer";
				GCC_C_LANGUAGE_STANDARD = gnu99;
				GCC_OPTIMIZATION_LEVEL = 0;
				GCC_PREPROCESSOR_DEFINITIONS = DEBUG;
				GCC_SYMBOLS_PRIVATE_EXTERN = NO;
				GCC_VERSION = com.apple.compilers.llvmgcc42;
				GCC_WARN_ABOUT_RETURN_TYPE = YES;
				GCC_WARN_UNUSED_VARIABLE = YES;
				IPHONEOS_DEPLOYMENT_TARGET = 4.3;
				SDKROOT = iphoneos;
			};
			name = Debug;
		};
		A9414B8B1347B391008C67F4 /* Release */ = {
			isa = XCBuildConfiguration;
			buildSettings = {
				ARCHS = "$(ARCHS_STANDARD_32_BIT)";
				"CODE_SIGN_IDENTITY[sdk=iphoneos*]" = "iPhone Developer";
				GCC_C_LANGUAGE_STANDARD = gnu99;
				GCC_VERSION = com.apple.compilers.llvmgcc42;
				GCC_WARN_ABOUT_RETURN_TYPE = YES;
				GCC_WARN_UNUSED_VARIABLE = YES;
				IPHONEOS_DEPLOYMENT_TARGET = 4.3;
				OTHER_CFLAGS = "-DNS_BLOCK_ASSERTIONS=1";
				SDKROOT = iphoneos;
			};
			name = Release;
		};
		A9414B8D1347B391008C67F4 /* Debug */ = {
			isa = XCBuildConfiguration;
			buildSettings = {
				ALWAYS_SEARCH_USER_PATHS = NO;
				COPY_PHASE_STRIP = NO;
				GCC_DYNAMIC_NO_PIC = NO;
				GCC_PRECOMPILE_PREFIX_HEADER = YES;
				GCC_PREFIX_HEADER = "es_ios_utils_app/es_ios_utils_app-Prefix.pch";
				INFOPLIST_FILE = "es_ios_utils_app/es_ios_utils_app-Info.plist";
				PRODUCT_NAME = "$(TARGET_NAME)";
				WRAPPER_EXTENSION = app;
			};
			name = Debug;
		};
		A9414B8E1347B391008C67F4 /* Release */ = {
			isa = XCBuildConfiguration;
			buildSettings = {
				ALWAYS_SEARCH_USER_PATHS = NO;
				COPY_PHASE_STRIP = YES;
				GCC_PRECOMPILE_PREFIX_HEADER = YES;
				GCC_PREFIX_HEADER = "es_ios_utils_app/es_ios_utils_app-Prefix.pch";
				INFOPLIST_FILE = "es_ios_utils_app/es_ios_utils_app-Info.plist";
				PRODUCT_NAME = "$(TARGET_NAME)";
				VALIDATE_PRODUCT = YES;
				WRAPPER_EXTENSION = app;
			};
			name = Release;
		};
		A9414B901347B391008C67F4 /* Debug */ = {
			isa = XCBuildConfiguration;
			buildSettings = {
				ALWAYS_SEARCH_USER_PATHS = NO;
				BUNDLE_LOADER = "$(BUILT_PRODUCTS_DIR)/es_ios_utils_app.app/es_ios_utils_app";
				FRAMEWORK_SEARCH_PATHS = (
					"$(SDKROOT)/Developer/Library/Frameworks",
					"$(DEVELOPER_LIBRARY_DIR)/Frameworks",
				);
				GCC_PRECOMPILE_PREFIX_HEADER = YES;
				GCC_PREFIX_HEADER = "es_ios_utils_appTests/es_ios_utils_appTests-Prefix.pch";
				INFOPLIST_FILE = "es_ios_utils_appTests/es_ios_utils_appTests-Info.plist";
				OTHER_LDFLAGS = (
					"-framework",
					SenTestingKit,
				);
				PRODUCT_NAME = "$(TARGET_NAME)";
				TEST_HOST = "$(BUNDLE_LOADER)";
				WRAPPER_EXTENSION = octest;
			};
			name = Debug;
		};
		A9414B911347B391008C67F4 /* Release */ = {
			isa = XCBuildConfiguration;
			buildSettings = {
				ALWAYS_SEARCH_USER_PATHS = NO;
				BUNDLE_LOADER = "$(BUILT_PRODUCTS_DIR)/es_ios_utils_app.app/es_ios_utils_app";
				FRAMEWORK_SEARCH_PATHS = (
					"$(SDKROOT)/Developer/Library/Frameworks",
					"$(DEVELOPER_LIBRARY_DIR)/Frameworks",
				);
				GCC_PRECOMPILE_PREFIX_HEADER = YES;
				GCC_PREFIX_HEADER = "es_ios_utils_appTests/es_ios_utils_appTests-Prefix.pch";
				INFOPLIST_FILE = "es_ios_utils_appTests/es_ios_utils_appTests-Info.plist";
				OTHER_LDFLAGS = (
					"-framework",
					SenTestingKit,
				);
				PRODUCT_NAME = "$(TARGET_NAME)";
				TEST_HOST = "$(BUNDLE_LOADER)";
				WRAPPER_EXTENSION = octest;
			};
			name = Release;
		};
/* End XCBuildConfiguration section */

/* Begin XCConfigurationList section */
		A9414B4F1347B391008C67F4 /* Build configuration list for PBXProject "es_ios_utils" */ = {
			isa = XCConfigurationList;
			buildConfigurations = (
				A9414B8A1347B391008C67F4 /* Debug */,
				A9414B8B1347B391008C67F4 /* Release */,
			);
			defaultConfigurationIsVisible = 0;
			defaultConfigurationName = Release;
		};
		A9414B8C1347B391008C67F4 /* Build configuration list for PBXNativeTarget "es_ios_utils_app" */ = {
			isa = XCConfigurationList;
			buildConfigurations = (
				A9414B8D1347B391008C67F4 /* Debug */,
				A9414B8E1347B391008C67F4 /* Release */,
			);
			defaultConfigurationIsVisible = 0;
			defaultConfigurationName = Release;
		};
		A9414B8F1347B391008C67F4 /* Build configuration list for PBXNativeTarget "es_ios_utils_appTests" */ = {
			isa = XCConfigurationList;
			buildConfigurations = (
				A9414B901347B391008C67F4 /* Debug */,
				A9414B911347B391008C67F4 /* Release */,
			);
			defaultConfigurationIsVisible = 0;
			defaultConfigurationName = Release;
		};
/* End XCConfigurationList section */

/* Begin XCVersionGroup section */
		A9414C021347C32E008C67F4 /* Model.xcdatamodeld */ = {
			isa = XCVersionGroup;
			children = (
				A9414C031347C32E008C67F4 /* Model.xcdatamodel */,
			);
			currentVersion = A9414C031347C32E008C67F4 /* Model.xcdatamodel */;
			path = Model.xcdatamodeld;
			sourceTree = "<group>";
			versionGroupType = wrapper.xcdatamodel;
		};
/* End XCVersionGroup section */
	};
	rootObject = A9414B4C1347B391008C67F4 /* Project object */;
}
